
Microsoft Visual Studio Solution File, Format Version 12.00
# Visual Studio Version 17
VisualStudioVersion = 17.8.34601.278
MinimumVisualStudioVersion = 10.0.40219.1
Project("{FAE04EC0-301F-11D3-BF4B-00C04F79EFBC}") = "SigmaTask", "SigmaTask\SigmaTask.csproj", "{814D13B8-45A9-4314-B255-15B7CFEC090C}"
EndProject
Global
	GlobalSection(SolutionConfigurationPlatforms) = preSolution
		Debug|Any CPU = Debug|Any CPU
		Release|Any CPU = Release|Any CPU
	EndGlobalSection
	GlobalSection(ProjectConfigurationPlatforms) = postSolution
		{814D13B8-45A9-4314-B255-15B7CFEC090C}.Debug|Any CPU.ActiveCfg = Debug|Any CPU
		{814D13B8-45A9-4314-B255-15B7CFEC090C}.Debug|Any CPU.Build.0 = Debug|Any CPU
		{814D13B8-45A9-4314-B255-15B7CFEC090C}.Release|Any CPU.ActiveCfg = Release|Any CPU
		{814D13B8-45A9-4314-B255-15B7CFEC090C}.Release|Any CPU.Build.0 = Release|Any CPU
	EndGlobalSection
	GlobalSection(SolutionProperties) = preSolution
		HideSolutionNode = FALSE
	EndGlobalSection
	GlobalSection(ExtensibilityGlobals) = postSolution
		SolutionGuid = {E65673D5-0869-4214-9FF5-B36BB1B3F051}
	EndGlobalSection
EndGlobal
